
Microsoft Visual Studio Solution File, Format Version 12.00
# Visual Studio Version 17
VisualStudioVersion = 17.5.33530.505
MinimumVisualStudioVersion = 10.0.40219.1
Project("{FAE04EC0-301F-11D3-BF4B-00C04F79EFBC}") = "WebApplication4", "WebApplication4\WebApplication4.csproj", "{EF1521DB-0AE1-496A-9CAF-4A7616FEF147}"
EndProject
Global
	GlobalSection(SolutionConfigurationPlatforms) = preSolution
		Debug|Any CPU = Debug|Any CPU
		Release|Any CPU = Release|Any CPU
	EndGlobalSection
	GlobalSection(ProjectConfigurationPlatforms) = postSolution
		{EF1521DB-0AE1-496A-9CAF-4A7616FEF147}.Debug|Any CPU.ActiveCfg = Debug|Any CPU
		{EF1521DB-0AE1-496A-9CAF-4A7616FEF147}.Debug|Any CPU.Build.0 = Debug|Any CPU
		{EF1521DB-0AE1-496A-9CAF-4A7616FEF147}.Release|Any CPU.ActiveCfg = Release|Any CPU
		{EF1521DB-0AE1-496A-9CAF-4A7616FEF147}.Release|Any CPU.Build.0 = Release|Any CPU
	EndGlobalSection
	GlobalSection(SolutionProperties) = preSolution
		HideSolutionNode = FALSE
	EndGlobalSection
	GlobalSection(ExtensibilityGlobals) = postSolution
		SolutionGuid = {F763D1D8-A262-4F66-952B-63CBD6A87B04}
	EndGlobalSection
EndGlobal
