
Microsoft Visual Studio Solution File, Format Version 12.00
# Visual Studio Version 17
VisualStudioVersion = 17.5.33530.505
MinimumVisualStudioVersion = 10.0.40219.1
Project("{FAE04EC0-301F-11D3-BF4B-00C04F79EFBC}") = "lambda", "lambda\lambda.csproj", "{4679ABD5-A28F-4EAA-951D-60C4BA935AB8}"
EndProject
Global
	GlobalSection(SolutionConfigurationPlatforms) = preSolution
		Debug|Any CPU = Debug|Any CPU
		Release|Any CPU = Release|Any CPU
	EndGlobalSection
	GlobalSection(ProjectConfigurationPlatforms) = postSolution
		{4679ABD5-A28F-4EAA-951D-60C4BA935AB8}.Debug|Any CPU.ActiveCfg = Debug|Any CPU
		{4679ABD5-A28F-4EAA-951D-60C4BA935AB8}.Debug|Any CPU.Build.0 = Debug|Any CPU
		{4679ABD5-A28F-4EAA-951D-60C4BA935AB8}.Release|Any CPU.ActiveCfg = Release|Any CPU
		{4679ABD5-A28F-4EAA-951D-60C4BA935AB8}.Release|Any CPU.Build.0 = Release|Any CPU
	EndGlobalSection
	GlobalSection(SolutionProperties) = preSolution
		HideSolutionNode = FALSE
	EndGlobalSection
	GlobalSection(ExtensibilityGlobals) = postSolution
		SolutionGuid = {F9AFAA2B-FB7D-4BCF-877D-058AC27EA058}
	EndGlobalSection
EndGlobal
