
Microsoft Visual Studio Solution File, Format Version 12.00
# Visual Studio Version 17
VisualStudioVersion = 17.5.33530.505
MinimumVisualStudioVersion = 10.0.40219.1
Project("{FAE04EC0-301F-11D3-BF4B-00C04F79EFBC}") = "modelbinding", "WebApplication9\modelbinding.csproj", "{3143CE55-370F-44CB-8826-372FF6DE35B1}"
EndProject
Global
	GlobalSection(SolutionConfigurationPlatforms) = preSolution
		Debug|Any CPU = Debug|Any CPU
		Release|Any CPU = Release|Any CPU
	EndGlobalSection
	GlobalSection(ProjectConfigurationPlatforms) = postSolution
		{3143CE55-370F-44CB-8826-372FF6DE35B1}.Debug|Any CPU.ActiveCfg = Debug|Any CPU
		{3143CE55-370F-44CB-8826-372FF6DE35B1}.Debug|Any CPU.Build.0 = Debug|Any CPU
		{3143CE55-370F-44CB-8826-372FF6DE35B1}.Release|Any CPU.ActiveCfg = Release|Any CPU
		{3143CE55-370F-44CB-8826-372FF6DE35B1}.Release|Any CPU.Build.0 = Release|Any CPU
	EndGlobalSection
	GlobalSection(SolutionProperties) = preSolution
		HideSolutionNode = FALSE
	EndGlobalSection
	GlobalSection(ExtensibilityGlobals) = postSolution
		SolutionGuid = {2AF02A9B-76C9-4849-9826-2B3567DBB670}
	EndGlobalSection
EndGlobal
