
Microsoft Visual Studio Solution File, Format Version 12.00
# Visual Studio Version 17
VisualStudioVersion = 17.5.33530.505
MinimumVisualStudioVersion = 10.0.40219.1
Project("{FAE04EC0-301F-11D3-BF4B-00C04F79EFBC}") = "delegexample", "delegexample\delegexample.csproj", "{1105521F-68C2-4187-B2FF-B4A8CB4074CA}"
EndProject
Global
	GlobalSection(SolutionConfigurationPlatforms) = preSolution
		Debug|Any CPU = Debug|Any CPU
		Release|Any CPU = Release|Any CPU
	EndGlobalSection
	GlobalSection(ProjectConfigurationPlatforms) = postSolution
		{1105521F-68C2-4187-B2FF-B4A8CB4074CA}.Debug|Any CPU.ActiveCfg = Debug|Any CPU
		{1105521F-68C2-4187-B2FF-B4A8CB4074CA}.Debug|Any CPU.Build.0 = Debug|Any CPU
		{1105521F-68C2-4187-B2FF-B4A8CB4074CA}.Release|Any CPU.ActiveCfg = Release|Any CPU
		{1105521F-68C2-4187-B2FF-B4A8CB4074CA}.Release|Any CPU.Build.0 = Release|Any CPU
	EndGlobalSection
	GlobalSection(SolutionProperties) = preSolution
		HideSolutionNode = FALSE
	EndGlobalSection
	GlobalSection(ExtensibilityGlobals) = postSolution
		SolutionGuid = {2E1DB3D7-6505-4BDC-BA63-4830D54B3A6E}
	EndGlobalSection
EndGlobal
